
Microsoft Visual Studio Solution File, Format Version 12.00
# Visual Studio 15
VisualStudioVersion = 15.0.27130.2026
MinimumVisualStudioVersion = 10.0.40219.1
Project("{FAE04EC0-301F-11D3-BF4B-00C04F79EFBC}") = "RPNCalculator", "RPN\RPNCalculator.csproj", "{D183AFBF-9872-4E8E-ACF2-666707CA0CAE}"
EndProject
Project("{FAE04EC0-301F-11D3-BF4B-00C04F79EFBC}") = "TestRPNCalculator", "TestRPNCalculator\TestRPNCalculator.csproj", "{4E726EF9-F027-4957-A843-C39A156F82A3}"
EndProject
Global
	GlobalSection(SolutionConfigurationPlatforms) = preSolution
		Debug|Any CPU = Debug|Any CPU
		Release|Any CPU = Release|Any CPU
	EndGlobalSection
	GlobalSection(ProjectConfigurationPlatforms) = postSolution
		{D183AFBF-9872-4E8E-ACF2-666707CA0CAE}.Debug|Any CPU.ActiveCfg = Debug|Any CPU
		{D183AFBF-9872-4E8E-ACF2-666707CA0CAE}.Debug|Any CPU.Build.0 = Debug|Any CPU
		{D183AFBF-9872-4E8E-ACF2-666707CA0CAE}.Release|Any CPU.ActiveCfg = Release|Any CPU
		{D183AFBF-9872-4E8E-ACF2-666707CA0CAE}.Release|Any CPU.Build.0 = Release|Any CPU
		{4E726EF9-F027-4957-A843-C39A156F82A3}.Debug|Any CPU.ActiveCfg = Debug|Any CPU
		{4E726EF9-F027-4957-A843-C39A156F82A3}.Debug|Any CPU.Build.0 = Debug|Any CPU
		{4E726EF9-F027-4957-A843-C39A156F82A3}.Release|Any CPU.ActiveCfg = Release|Any CPU
		{4E726EF9-F027-4957-A843-C39A156F82A3}.Release|Any CPU.Build.0 = Release|Any CPU
	EndGlobalSection
	GlobalSection(SolutionProperties) = preSolution
		HideSolutionNode = FALSE
	EndGlobalSection
	GlobalSection(ExtensibilityGlobals) = postSolution
		SolutionGuid = {3664CE2E-F516-48CA-A7D9-CE089440304C}
	EndGlobalSection
EndGlobal
