
Microsoft Visual Studio Solution File, Format Version 12.00
# Visual Studio 15
VisualStudioVersion = 15.0.27130.2026
MinimumVisualStudioVersion = 10.0.40219.1
Project("{FAE04EC0-301F-11D3-BF4B-00C04F79EFBC}") = "MathLibrary", "MathLibrary\MathLibrary.csproj", "{107E6215-9B1A-405E-9C29-F1E76F5B3C5B}"
EndProject
Project("{FAE04EC0-301F-11D3-BF4B-00C04F79EFBC}") = "MathLibraryTests", "MathLibraryTests\MathLibraryTests.csproj", "{6CA01598-38B8-4972-8A9D-BA4A6BB46491}"
EndProject
Global
	GlobalSection(SolutionConfigurationPlatforms) = preSolution
		Debug|Any CPU = Debug|Any CPU
		Release|Any CPU = Release|Any CPU
	EndGlobalSection
	GlobalSection(ProjectConfigurationPlatforms) = postSolution
		{107E6215-9B1A-405E-9C29-F1E76F5B3C5B}.Debug|Any CPU.ActiveCfg = Debug|Any CPU
		{107E6215-9B1A-405E-9C29-F1E76F5B3C5B}.Debug|Any CPU.Build.0 = Debug|Any CPU
		{107E6215-9B1A-405E-9C29-F1E76F5B3C5B}.Release|Any CPU.ActiveCfg = Release|Any CPU
		{107E6215-9B1A-405E-9C29-F1E76F5B3C5B}.Release|Any CPU.Build.0 = Release|Any CPU
		{6CA01598-38B8-4972-8A9D-BA4A6BB46491}.Debug|Any CPU.ActiveCfg = Debug|Any CPU
		{6CA01598-38B8-4972-8A9D-BA4A6BB46491}.Debug|Any CPU.Build.0 = Debug|Any CPU
		{6CA01598-38B8-4972-8A9D-BA4A6BB46491}.Release|Any CPU.ActiveCfg = Release|Any CPU
		{6CA01598-38B8-4972-8A9D-BA4A6BB46491}.Release|Any CPU.Build.0 = Release|Any CPU
	EndGlobalSection
	GlobalSection(SolutionProperties) = preSolution
		HideSolutionNode = FALSE
	EndGlobalSection
	GlobalSection(ExtensibilityGlobals) = postSolution
		SolutionGuid = {60837009-FCCB-43BC-9823-97E4720BC830}
	EndGlobalSection
EndGlobal
